schema: '2.0'
stages:
  preprocess:
    cmd: python src/data_preprocessing.py
    deps:
    - path: data/raw/train.csv
      hash: md5
      md5: 80ccab65fb115cbad143dbbd2bcd5577
      size: 460676
    - path: src/data_preprocessing.py
      hash: md5
      md5: 724c3b9c7f5b4fc3ead09f97aafd4048
      size: 366
    outs:
    - path: data/processed/train_processed.csv
      hash: md5
      md5: 3d970bd37772aab16528d9596dffbb63
      size: 1961304
  train:
    cmd: python src/training.py
    deps:
    - path: data/processed/train_processed.csv
      hash: md5
      md5: 3d970bd37772aab16528d9596dffbb63
      size: 1961304
    - path: src/training.py
      hash: md5
      md5: f25254a23638fd41c86e1787a23ddec7
      size: 2069
    outs:
    - path: model.joblib
      hash: md5
      md5: 430620a936418188e1791b3b103f1a5f
      size: 4662769
  evaluate:
    cmd: python src/evaluate.py
    deps:
    - path: data/processed/train_processed.csv
      hash: md5
      md5: 3d970bd37772aab16528d9596dffbb63
      size: 1961304
    - path: model.joblib
      hash: md5
      md5: 430620a936418188e1791b3b103f1a5f
      size: 4662769
    - path: src/evaluate.py
      hash: md5
      md5: 1ac06ee9e0b3c653d9552665fe8533e5
      size: 1664
    outs:
    - path: evaluation_metrics.txt
      hash: md5
      md5: 5ad6e8e344f67e0d4efac76385aa6a97
      size: 66
